
Microsoft Visual Studio Solution File, Format Version 12.00
# Visual Studio Version 16
VisualStudioVersion = 16.0.31205.134
MinimumVisualStudioVersion = 10.0.40219.1
Project("{FAE04EC0-301F-11D3-BF4B-00C04F79EFBC}") = "WeatherApi", "WeatherApi\WeatherApi.csproj", "{500ED3FE-2DF7-490E-8EFE-84CEF20D9A81}"
EndProject
Global
	GlobalSection(SolutionConfigurationPlatforms) = preSolution
		Debug|Any CPU = Debug|Any CPU
		Release|Any CPU = Release|Any CPU
	EndGlobalSection
	GlobalSection(ProjectConfigurationPlatforms) = postSolution
		{500ED3FE-2DF7-490E-8EFE-84CEF20D9A81}.Debug|Any CPU.ActiveCfg = Debug|Any CPU
		{500ED3FE-2DF7-490E-8EFE-84CEF20D9A81}.Debug|Any CPU.Build.0 = Debug|Any CPU
		{500ED3FE-2DF7-490E-8EFE-84CEF20D9A81}.Release|Any CPU.ActiveCfg = Release|Any CPU
		{500ED3FE-2DF7-490E-8EFE-84CEF20D9A81}.Release|Any CPU.Build.0 = Release|Any CPU
	EndGlobalSection
	GlobalSection(SolutionProperties) = preSolution
		HideSolutionNode = FALSE
	EndGlobalSection
	GlobalSection(ExtensibilityGlobals) = postSolution
		SolutionGuid = {D7E70D7C-7A20-4113-8A12-6E8265146181}
	EndGlobalSection
EndGlobal
